
Microsoft Visual Studio Solution File, Format Version 12.00
# Visual Studio Version 17
VisualStudioVersion = 17.8.34112.27
MinimumVisualStudioVersion = 10.0.40219.1
Project("{9A19103F-16F7-4668-BE54-9A1E7A4F7556}") = "Plugin.AdMob", "..\src\Plugin.AdMob\Plugin.AdMob.csproj", "{B1C2DDF0-CA2F-4458-AB8B-2EB8C0BD7E73}"
EndProject
Project("{FAE04EC0-301F-11D3-BF4B-00C04F79EFBC}") = "Foo.Bar.SampleApp.Net8", "Foo.Bar.SampleApp.Net8\Foo.Bar.SampleApp.Net8.csproj", "{20311D9A-470F-41DD-AD8B-85EE7902E825}"
EndProject
Project("{FAE04EC0-301F-11D3-BF4B-00C04F79EFBC}") = "Foo.Bar.SampleApp.Net9", "Foo.Bar.SampleApp.Net9\Foo.Bar.SampleApp.Net9.csproj", "{604A45AF-2D66-46A9-BF23-A7A9944C14BF}"
EndProject
Global
	GlobalSection(SolutionConfigurationPlatforms) = preSolution
		Debug|Any CPU = Debug|Any CPU
		Release|Any CPU = Release|Any CPU
	EndGlobalSection
	GlobalSection(ProjectConfigurationPlatforms) = postSolution
		{B1C2DDF0-CA2F-4458-AB8B-2EB8C0BD7E73}.Debug|Any CPU.ActiveCfg = Debug|Any CPU
		{B1C2DDF0-CA2F-4458-AB8B-2EB8C0BD7E73}.Debug|Any CPU.Build.0 = Debug|Any CPU
		{B1C2DDF0-CA2F-4458-AB8B-2EB8C0BD7E73}.Release|Any CPU.ActiveCfg = Release|Any CPU
		{B1C2DDF0-CA2F-4458-AB8B-2EB8C0BD7E73}.Release|Any CPU.Build.0 = Release|Any CPU
		{20311D9A-470F-41DD-AD8B-85EE7902E825}.Debug|Any CPU.ActiveCfg = Debug|Any CPU
		{20311D9A-470F-41DD-AD8B-85EE7902E825}.Debug|Any CPU.Build.0 = Debug|Any CPU
		{20311D9A-470F-41DD-AD8B-85EE7902E825}.Debug|Any CPU.Deploy.0 = Debug|Any CPU
		{20311D9A-470F-41DD-AD8B-85EE7902E825}.Release|Any CPU.ActiveCfg = Release|Any CPU
		{20311D9A-470F-41DD-AD8B-85EE7902E825}.Release|Any CPU.Build.0 = Release|Any CPU
		{20311D9A-470F-41DD-AD8B-85EE7902E825}.Release|Any CPU.Deploy.0 = Release|Any CPU
		{604A45AF-2D66-46A9-BF23-A7A9944C14BF}.Debug|Any CPU.ActiveCfg = Debug|Any CPU
		{604A45AF-2D66-46A9-BF23-A7A9944C14BF}.Debug|Any CPU.Build.0 = Debug|Any CPU
		{604A45AF-2D66-46A9-BF23-A7A9944C14BF}.Debug|Any CPU.Deploy.0 = Debug|Any CPU
		{604A45AF-2D66-46A9-BF23-A7A9944C14BF}.Release|Any CPU.ActiveCfg = Release|Any CPU
		{604A45AF-2D66-46A9-BF23-A7A9944C14BF}.Release|Any CPU.Build.0 = Release|Any CPU
		{604A45AF-2D66-46A9-BF23-A7A9944C14BF}.Release|Any CPU.Deploy.0 = Release|Any CPU
	EndGlobalSection
	GlobalSection(SolutionProperties) = preSolution
		HideSolutionNode = FALSE
	EndGlobalSection
	GlobalSection(ExtensibilityGlobals) = postSolution
		SolutionGuid = {849861F4-2C0F-4745-A0EC-02ECE1BEB7EE}
	EndGlobalSection
EndGlobal
